{
  "name": "mostly-html",
  "version": "0.0.0",
  "lockfileVersion": 1,
  "dependencies": {
    "@most/prelude": {
      "version": "1.6.0",
      "resolved": "https://registry.npmjs.org/@most/prelude/-/prelude-1.6.0.tgz",
      "integrity": "sha1-QlbjqQLd8EwfB6/KImdSYZUHLhM="
    },
    "mostly-dom": {
      "version": "3.2.0",
      "resolved": "https://registry.npmjs.org/mostly-dom/-/mostly-dom-3.2.0.tgz",
      "integrity": "sha512-NuDASOoDZ2+QcEukhtHyTsbVsTDjOEcJcB9vmgh2mpKhjCmUE065LYdsaTfcuJIFrGPsBPEnj+YXnYgRBN70jg=="
    }
  }
}
